
Microsoft Visual Studio Solution File, Format Version 12.00
# Visual Studio Version 16
VisualStudioVersion = 16.0.32228.343
MinimumVisualStudioVersion = 10.0.40219.1
Project("{F184B08F-C81C-45F6-A57F-5ABD9991F28F}") = "Presentacion", "Presentacion\Presentacion.vbproj", "{7C2F8B6B-C59C-436A-A1DD-1A164268D491}"
EndProject
Project("{9A19103F-16F7-4668-BE54-9A1E7A4F7556}") = "FakeEquifax", "FakeEquifax\FakeEquifax.csproj", "{397BAAB4-02EB-4008-82BF-BF82811144D4}"
EndProject
Project("{FAE04EC0-301F-11D3-BF4B-00C04F79EFBC}") = "TestEquifax", "TestEquifax\TestEquifax.csproj", "{03CE2ABC-1ACB-47C8-B996-167B9E4875BB}"
EndProject
Global
	GlobalSection(SolutionConfigurationPlatforms) = preSolution
		Debug|Any CPU = Debug|Any CPU
		Release|Any CPU = Release|Any CPU
	EndGlobalSection
	GlobalSection(ProjectConfigurationPlatforms) = postSolution
		{7C2F8B6B-C59C-436A-A1DD-1A164268D491}.Debug|Any CPU.ActiveCfg = Debug|Any CPU
		{7C2F8B6B-C59C-436A-A1DD-1A164268D491}.Debug|Any CPU.Build.0 = Debug|Any CPU
		{7C2F8B6B-C59C-436A-A1DD-1A164268D491}.Release|Any CPU.ActiveCfg = Release|Any CPU
		{7C2F8B6B-C59C-436A-A1DD-1A164268D491}.Release|Any CPU.Build.0 = Release|Any CPU
		{397BAAB4-02EB-4008-82BF-BF82811144D4}.Debug|Any CPU.ActiveCfg = Debug|Any CPU
		{397BAAB4-02EB-4008-82BF-BF82811144D4}.Debug|Any CPU.Build.0 = Debug|Any CPU
		{397BAAB4-02EB-4008-82BF-BF82811144D4}.Release|Any CPU.ActiveCfg = Release|Any CPU
		{397BAAB4-02EB-4008-82BF-BF82811144D4}.Release|Any CPU.Build.0 = Release|Any CPU
		{03CE2ABC-1ACB-47C8-B996-167B9E4875BB}.Debug|Any CPU.ActiveCfg = Debug|Any CPU
		{03CE2ABC-1ACB-47C8-B996-167B9E4875BB}.Debug|Any CPU.Build.0 = Debug|Any CPU
		{03CE2ABC-1ACB-47C8-B996-167B9E4875BB}.Release|Any CPU.ActiveCfg = Release|Any CPU
		{03CE2ABC-1ACB-47C8-B996-167B9E4875BB}.Release|Any CPU.Build.0 = Release|Any CPU
	EndGlobalSection
	GlobalSection(SolutionProperties) = preSolution
		HideSolutionNode = FALSE
	EndGlobalSection
	GlobalSection(ExtensibilityGlobals) = postSolution
		SolutionGuid = {47DF51FD-7DB9-4B2C-A1AD-D9D7AB467DA1}
	EndGlobalSection
EndGlobal
