
Microsoft Visual Studio Solution File, Format Version 12.00
# Visual Studio Version 17
VisualStudioVersion = 17.1.32414.318
MinimumVisualStudioVersion = 10.0.40219.1
Project("{F184B08F-C81C-45F6-A57F-5ABD9991F28F}") = "Presentacion", "Presentacion\Presentacion.vbproj", "{7C2F8B6B-C59C-436A-A1DD-1A164268D491}"
	ProjectSection(ProjectDependencies) = postProject
		{397BAAB4-02EB-4008-82BF-BF82811144D4} = {397BAAB4-02EB-4008-82BF-BF82811144D4}
	EndProjectSection
EndProject
Project("{9A19103F-16F7-4668-BE54-9A1E7A4F7556}") = "FakeEquifax", "FakeEquifax\FakeEquifax.csproj", "{397BAAB4-02EB-4008-82BF-BF82811144D4}"
EndProject
Project("{9A19103F-16F7-4668-BE54-9A1E7A4F7556}") = "TestEquifax", "TestEquifax\TestEquifax.csproj", "{03CE2ABC-1ACB-47C8-B996-167B9E4875BB}"
EndProject
Project("{9A19103F-16F7-4668-BE54-9A1E7A4F7556}") = "WorkerServiceScoring", "WorkerServiceScoring\WorkerServiceScoring.csproj", "{200137A2-1E60-4CC8-8A4A-884E369C1720}"
EndProject
Project("{9A19103F-16F7-4668-BE54-9A1E7A4F7556}") = "ClassLibraryRabbit", "ClassLibraryRabbit\ClassLibraryRabbit.csproj", "{A1249BBE-E629-4A15-AE9B-D6C0EDFCAFAE}"
EndProject
Project("{9A19103F-16F7-4668-BE54-9A1E7A4F7556}") = "ClassLibraryModelos", "ClassLibraryModelos\ClassLibraryModelos.csproj", "{C95250EB-0729-469A-B873-375917A6166E}"
EndProject
Global
	GlobalSection(SolutionConfigurationPlatforms) = preSolution
		Debug|Any CPU = Debug|Any CPU
		Release|Any CPU = Release|Any CPU
	EndGlobalSection
	GlobalSection(ProjectConfigurationPlatforms) = postSolution
		{7C2F8B6B-C59C-436A-A1DD-1A164268D491}.Debug|Any CPU.ActiveCfg = Debug|Any CPU
		{7C2F8B6B-C59C-436A-A1DD-1A164268D491}.Debug|Any CPU.Build.0 = Debug|Any CPU
		{7C2F8B6B-C59C-436A-A1DD-1A164268D491}.Release|Any CPU.ActiveCfg = Release|Any CPU
		{7C2F8B6B-C59C-436A-A1DD-1A164268D491}.Release|Any CPU.Build.0 = Release|Any CPU
		{397BAAB4-02EB-4008-82BF-BF82811144D4}.Debug|Any CPU.ActiveCfg = Debug|Any CPU
		{397BAAB4-02EB-4008-82BF-BF82811144D4}.Debug|Any CPU.Build.0 = Debug|Any CPU
		{397BAAB4-02EB-4008-82BF-BF82811144D4}.Release|Any CPU.ActiveCfg = Release|Any CPU
		{397BAAB4-02EB-4008-82BF-BF82811144D4}.Release|Any CPU.Build.0 = Release|Any CPU
		{03CE2ABC-1ACB-47C8-B996-167B9E4875BB}.Debug|Any CPU.ActiveCfg = Debug|Any CPU
		{03CE2ABC-1ACB-47C8-B996-167B9E4875BB}.Debug|Any CPU.Build.0 = Debug|Any CPU
		{03CE2ABC-1ACB-47C8-B996-167B9E4875BB}.Release|Any CPU.ActiveCfg = Release|Any CPU
		{03CE2ABC-1ACB-47C8-B996-167B9E4875BB}.Release|Any CPU.Build.0 = Release|Any CPU
		{200137A2-1E60-4CC8-8A4A-884E369C1720}.Debug|Any CPU.ActiveCfg = Debug|Any CPU
		{200137A2-1E60-4CC8-8A4A-884E369C1720}.Debug|Any CPU.Build.0 = Debug|Any CPU
		{200137A2-1E60-4CC8-8A4A-884E369C1720}.Release|Any CPU.ActiveCfg = Release|Any CPU
		{200137A2-1E60-4CC8-8A4A-884E369C1720}.Release|Any CPU.Build.0 = Release|Any CPU
		{A1249BBE-E629-4A15-AE9B-D6C0EDFCAFAE}.Debug|Any CPU.ActiveCfg = Debug|Any CPU
		{A1249BBE-E629-4A15-AE9B-D6C0EDFCAFAE}.Debug|Any CPU.Build.0 = Debug|Any CPU
		{A1249BBE-E629-4A15-AE9B-D6C0EDFCAFAE}.Release|Any CPU.ActiveCfg = Release|Any CPU
		{A1249BBE-E629-4A15-AE9B-D6C0EDFCAFAE}.Release|Any CPU.Build.0 = Release|Any CPU
		{C95250EB-0729-469A-B873-375917A6166E}.Debug|Any CPU.ActiveCfg = Debug|Any CPU
		{C95250EB-0729-469A-B873-375917A6166E}.Debug|Any CPU.Build.0 = Debug|Any CPU
		{C95250EB-0729-469A-B873-375917A6166E}.Release|Any CPU.ActiveCfg = Release|Any CPU
		{C95250EB-0729-469A-B873-375917A6166E}.Release|Any CPU.Build.0 = Release|Any CPU
	EndGlobalSection
	GlobalSection(SolutionProperties) = preSolution
		HideSolutionNode = FALSE
	EndGlobalSection
	GlobalSection(ExtensibilityGlobals) = postSolution
		SolutionGuid = {47DF51FD-7DB9-4B2C-A1AD-D9D7AB467DA1}
	EndGlobalSection
EndGlobal
